{
  "object": {
    "pins": [
      {
        "package": "KeychainAccess",
        "repositoryURL": "https://github.com/kishikawakatsumi/KeychainAccess.git",
        "state": {
          "branch": "master",
          "revision": "b00f91d92ccb20f67196837db19aaf1a1b9e2ed7",
          "version": null
        }
      }
    ]
  },
  "version": 1
}
